
Microsoft Visual Studio Solution File, Format Version 12.00
# Visual Studio 15
VisualStudioVersion = 15.0.28010.2050
MinimumVisualStudioVersion = 10.0.40219.1
Project("{FAE04EC0-301F-11D3-BF4B-00C04F79EFBC}") = "GeoFix.Android", "GeoFix\GeoFix.Android\GeoFix.Android.csproj", "{48A6310B-D855-4E1E-8176-6623CB813E62}"
EndProject
Project("{FAE04EC0-301F-11D3-BF4B-00C04F79EFBC}") = "GeoFix.iOS", "GeoFix\GeoFix.iOS\GeoFix.iOS.csproj", "{E5BB98EC-0B8D-457E-9B00-29F655B9E5BC}"
EndProject
Project("{FAE04EC0-301F-11D3-BF4B-00C04F79EFBC}") = "GeoFix.UWP", "GeoFix\GeoFix.UWP\GeoFix.UWP.csproj", "{0B055488-0012-44D8-8FC4-C2F843C88669}"
EndProject
Project("{FAE04EC0-301F-11D3-BF4B-00C04F79EFBC}") = "GeoFix", "GeoFix\GeoFix\GeoFix.csproj", "{1111E0DA-01F1-4B71-A90F-F23B284F4151}"
EndProject
Global
	GlobalSection(SolutionConfigurationPlatforms) = preSolution
		Ad-Hoc|Any CPU = Ad-Hoc|Any CPU
		Ad-Hoc|ARM = Ad-Hoc|ARM
		Ad-Hoc|iPhone = Ad-Hoc|iPhone
		Ad-Hoc|iPhoneSimulator = Ad-Hoc|iPhoneSimulator
		Ad-Hoc|x64 = Ad-Hoc|x64
		Ad-Hoc|x86 = Ad-Hoc|x86
		AppStore|Any CPU = AppStore|Any CPU
		AppStore|ARM = AppStore|ARM
		AppStore|iPhone = AppStore|iPhone
		AppStore|iPhoneSimulator = AppStore|iPhoneSimulator
		AppStore|x64 = AppStore|x64
		AppStore|x86 = AppStore|x86
		Debug|Any CPU = Debug|Any CPU
		Debug|ARM = Debug|ARM
		Debug|iPhone = Debug|iPhone
		Debug|iPhoneSimulator = Debug|iPhoneSimulator
		Debug|x64 = Debug|x64
		Debug|x86 = Debug|x86
		Release|Any CPU = Release|Any CPU
		Release|ARM = Release|ARM
		Release|iPhone = Release|iPhone
		Release|iPhoneSimulator = Release|iPhoneSimulator
		Release|x64 = Release|x64
		Release|x86 = Release|x86
	EndGlobalSection
	GlobalSection(ProjectConfigurationPlatforms) = postSolution
		{48A6310B-D855-4E1E-8176-6623CB813E62}.Ad-Hoc|Any CPU.ActiveCfg = Release|Any CPU
		{48A6310B-D855-4E1E-8176-6623CB813E62}.Ad-Hoc|Any CPU.Build.0 = Release|Any CPU
		{48A6310B-D855-4E1E-8176-6623CB813E62}.Ad-Hoc|Any CPU.Deploy.0 = Release|Any CPU
		{48A6310B-D855-4E1E-8176-6623CB813E62}.Ad-Hoc|ARM.ActiveCfg = Release|Any CPU
		{48A6310B-D855-4E1E-8176-6623CB813E62}.Ad-Hoc|ARM.Build.0 = Release|Any CPU
		{48A6310B-D855-4E1E-8176-6623CB813E62}.Ad-Hoc|ARM.Deploy.0 = Release|Any CPU
		{48A6310B-D855-4E1E-8176-6623CB813E62}.Ad-Hoc|iPhone.ActiveCfg = Release|Any CPU
		{48A6310B-D855-4E1E-8176-6623CB813E62}.Ad-Hoc|iPhone.Build.0 = Release|Any CPU
		{48A6310B-D855-4E1E-8176-6623CB813E62}.Ad-Hoc|iPhone.Deploy.0 = Release|Any CPU
		{48A6310B-D855-4E1E-8176-6623CB813E62}.Ad-Hoc|iPhoneSimulator.ActiveCfg = Release|Any CPU
		{48A6310B-D855-4E1E-8176-6623CB813E62}.Ad-Hoc|iPhoneSimulator.Build.0 = Release|Any CPU
		{48A6310B-D855-4E1E-8176-6623CB813E62}.Ad-Hoc|iPhoneSimulator.Deploy.0 = Release|Any CPU
		{48A6310B-D855-4E1E-8176-6623CB813E62}.Ad-Hoc|x64.ActiveCfg = Release|Any CPU
		{48A6310B-D855-4E1E-8176-6623CB813E62}.Ad-Hoc|x64.Build.0 = Release|Any CPU
		{48A6310B-D855-4E1E-8176-6623CB813E62}.Ad-Hoc|x64.Deploy.0 = Release|Any CPU
		{48A6310B-D855-4E1E-8176-6623CB813E62}.Ad-Hoc|x86.ActiveCfg = Release|Any CPU
		{48A6310B-D855-4E1E-8176-6623CB813E62}.Ad-Hoc|x86.Build.0 = Release|Any CPU
		{48A6310B-D855-4E1E-8176-6623CB813E62}.Ad-Hoc|x86.Deploy.0 = Release|Any CPU
		{48A6310B-D855-4E1E-8176-6623CB813E62}.AppStore|Any CPU.ActiveCfg = Release|Any CPU
		{48A6310B-D855-4E1E-8176-6623CB813E62}.AppStore|Any CPU.Build.0 = Release|Any CPU
		{48A6310B-D855-4E1E-8176-6623CB813E62}.AppStore|Any CPU.Deploy.0 = Release|Any CPU
		{48A6310B-D855-4E1E-8176-6623CB813E62}.AppStore|ARM.ActiveCfg = Release|Any CPU
		{48A6310B-D855-4E1E-8176-6623CB813E62}.AppStore|ARM.Build.0 = Release|Any CPU
		{48A6310B-D855-4E1E-8176-6623CB813E62}.AppStore|ARM.Deploy.0 = Release|Any CPU
		{48A6310B-D855-4E1E-8176-6623CB813E62}.AppStore|iPhone.ActiveCfg = Release|Any CPU
		{48A6310B-D855-4E1E-8176-6623CB813E62}.AppStore|iPhone.Build.0 = Release|Any CPU
		{48A6310B-D855-4E1E-8176-6623CB813E62}.AppStore|iPhone.Deploy.0 = Release|Any CPU
		{48A6310B-D855-4E1E-8176-6623CB813E62}.AppStore|iPhoneSimulator.ActiveCfg = Release|Any CPU
		{48A6310B-D855-4E1E-8176-6623CB813E62}.AppStore|iPhoneSimulator.Build.0 = Release|Any CPU
		{48A6310B-D855-4E1E-8176-6623CB813E62}.AppStore|iPhoneSimulator.Deploy.0 = Release|Any CPU
		{48A6310B-D855-4E1E-8176-6623CB813E62}.AppStore|x64.ActiveCfg = Release|Any CPU
		{48A6310B-D855-4E1E-8176-6623CB813E62}.AppStore|x64.Build.0 = Release|Any CPU
		{48A6310B-D855-4E1E-8176-6623CB813E62}.AppStore|x64.Deploy.0 = Release|Any CPU
		{48A6310B-D855-4E1E-8176-6623CB813E62}.AppStore|x86.ActiveCfg = Release|Any CPU
		{48A6310B-D855-4E1E-8176-6623CB813E62}.AppStore|x86.Build.0 = Release|Any CPU
		{48A6310B-D855-4E1E-8176-6623CB813E62}.AppStore|x86.Deploy.0 = Release|Any CPU
		{48A6310B-D855-4E1E-8176-6623CB813E62}.Debug|Any CPU.ActiveCfg = Debug|Any CPU
		{48A6310B-D855-4E1E-8176-6623CB813E62}.Debug|Any CPU.Build.0 = Debug|Any CPU
		{48A6310B-D855-4E1E-8176-6623CB813E62}.Debug|Any CPU.Deploy.0 = Debug|Any CPU
		{48A6310B-D855-4E1E-8176-6623CB813E62}.Debug|ARM.ActiveCfg = Debug|Any CPU
		{48A6310B-D855-4E1E-8176-6623CB813E62}.Debug|ARM.Build.0 = Debug|Any CPU
		{48A6310B-D855-4E1E-8176-6623CB813E62}.Debug|ARM.Deploy.0 = Debug|Any CPU
		{48A6310B-D855-4E1E-8176-6623CB813E62}.Debug|iPhone.ActiveCfg = Debug|Any CPU
		{48A6310B-D855-4E1E-8176-6623CB813E62}.Debug|iPhone.Build.0 = Debug|Any CPU
		{48A6310B-D855-4E1E-8176-6623CB813E62}.Debug|iPhone.Deploy.0 = Debug|Any CPU
		{48A6310B-D855-4E1E-8176-6623CB813E62}.Debug|iPhoneSimulator.ActiveCfg = Debug|Any CPU
		{48A6310B-D855-4E1E-8176-6623CB813E62}.Debug|iPhoneSimulator.Build.0 = Debug|Any CPU
		{48A6310B-D855-4E1E-8176-6623CB813E62}.Debug|iPhoneSimulator.Deploy.0 = Debug|Any CPU
		{48A6310B-D855-4E1E-8176-6623CB813E62}.Debug|x64.ActiveCfg = Debug|Any CPU
		{48A6310B-D855-4E1E-8176-6623CB813E62}.Debug|x64.Build.0 = Debug|Any CPU
		{48A6310B-D855-4E1E-8176-6623CB813E62}.Debug|x64.Deploy.0 = Debug|Any CPU
		{48A6310B-D855-4E1E-8176-6623CB813E62}.Debug|x86.ActiveCfg = Debug|Any CPU
		{48A6310B-D855-4E1E-8176-6623CB813E62}.Debug|x86.Build.0 = Debug|Any CPU
		{48A6310B-D855-4E1E-8176-6623CB813E62}.Debug|x86.Deploy.0 = Debug|Any CPU
		{48A6310B-D855-4E1E-8176-6623CB813E62}.Release|Any CPU.ActiveCfg = Release|Any CPU
		{48A6310B-D855-4E1E-8176-6623CB813E62}.Release|Any CPU.Build.0 = Release|Any CPU
		{48A6310B-D855-4E1E-8176-6623CB813E62}.Release|Any CPU.Deploy.0 = Release|Any CPU
		{48A6310B-D855-4E1E-8176-6623CB813E62}.Release|ARM.ActiveCfg = Release|Any CPU
		{48A6310B-D855-4E1E-8176-6623CB813E62}.Release|ARM.Build.0 = Release|Any CPU
		{48A6310B-D855-4E1E-8176-6623CB813E62}.Release|ARM.Deploy.0 = Release|Any CPU
		{48A6310B-D855-4E1E-8176-6623CB813E62}.Release|iPhone.ActiveCfg = Release|Any CPU
		{48A6310B-D855-4E1E-8176-6623CB813E62}.Release|iPhone.Build.0 = Release|Any CPU
		{48A6310B-D855-4E1E-8176-6623CB813E62}.Release|iPhone.Deploy.0 = Release|Any CPU
		{48A6310B-D855-4E1E-8176-6623CB813E62}.Release|iPhoneSimulator.ActiveCfg = Release|Any CPU
		{48A6310B-D855-4E1E-8176-6623CB813E62}.Release|iPhoneSimulator.Build.0 = Release|Any CPU
		{48A6310B-D855-4E1E-8176-6623CB813E62}.Release|iPhoneSimulator.Deploy.0 = Release|Any CPU
		{48A6310B-D855-4E1E-8176-6623CB813E62}.Release|x64.ActiveCfg = Release|Any CPU
		{48A6310B-D855-4E1E-8176-6623CB813E62}.Release|x64.Build.0 = Release|Any CPU
		{48A6310B-D855-4E1E-8176-6623CB813E62}.Release|x64.Deploy.0 = Release|Any CPU
		{48A6310B-D855-4E1E-8176-6623CB813E62}.Release|x86.ActiveCfg = Release|Any CPU
		{48A6310B-D855-4E1E-8176-6623CB813E62}.Release|x86.Build.0 = Release|Any CPU
		{48A6310B-D855-4E1E-8176-6623CB813E62}.Release|x86.Deploy.0 = Release|Any CPU
		{E5BB98EC-0B8D-457E-9B00-29F655B9E5BC}.Ad-Hoc|Any CPU.ActiveCfg = Ad-Hoc|iPhone
		{E5BB98EC-0B8D-457E-9B00-29F655B9E5BC}.Ad-Hoc|Any CPU.Build.0 = Ad-Hoc|iPhone
		{E5BB98EC-0B8D-457E-9B00-29F655B9E5BC}.Ad-Hoc|Any CPU.Deploy.0 = Ad-Hoc|iPhone
		{E5BB98EC-0B8D-457E-9B00-29F655B9E5BC}.Ad-Hoc|ARM.ActiveCfg = Ad-Hoc|iPhone
		{E5BB98EC-0B8D-457E-9B00-29F655B9E5BC}.Ad-Hoc|ARM.Build.0 = Ad-Hoc|iPhone
		{E5BB98EC-0B8D-457E-9B00-29F655B9E5BC}.Ad-Hoc|ARM.Deploy.0 = Ad-Hoc|iPhone
		{E5BB98EC-0B8D-457E-9B00-29F655B9E5BC}.Ad-Hoc|iPhone.ActiveCfg = Ad-Hoc|iPhone
		{E5BB98EC-0B8D-457E-9B00-29F655B9E5BC}.Ad-Hoc|iPhone.Build.0 = Ad-Hoc|iPhone
		{E5BB98EC-0B8D-457E-9B00-29F655B9E5BC}.Ad-Hoc|iPhone.Deploy.0 = Ad-Hoc|iPhone
		{E5BB98EC-0B8D-457E-9B00-29F655B9E5BC}.Ad-Hoc|iPhoneSimulator.ActiveCfg = Ad-Hoc|iPhoneSimulator
		{E5BB98EC-0B8D-457E-9B00-29F655B9E5BC}.Ad-Hoc|iPhoneSimulator.Build.0 = Ad-Hoc|iPhoneSimulator
		{E5BB98EC-0B8D-457E-9B00-29F655B9E5BC}.Ad-Hoc|iPhoneSimulator.Deploy.0 = Ad-Hoc|iPhoneSimulator
		{E5BB98EC-0B8D-457E-9B00-29F655B9E5BC}.Ad-Hoc|x64.ActiveCfg = Ad-Hoc|iPhone
		{E5BB98EC-0B8D-457E-9B00-29F655B9E5BC}.Ad-Hoc|x64.Build.0 = Ad-Hoc|iPhone
		{E5BB98EC-0B8D-457E-9B00-29F655B9E5BC}.Ad-Hoc|x64.Deploy.0 = Ad-Hoc|iPhone
		{E5BB98EC-0B8D-457E-9B00-29F655B9E5BC}.Ad-Hoc|x86.ActiveCfg = Ad-Hoc|iPhone
		{E5BB98EC-0B8D-457E-9B00-29F655B9E5BC}.Ad-Hoc|x86.Build.0 = Ad-Hoc|iPhone
		{E5BB98EC-0B8D-457E-9B00-29F655B9E5BC}.Ad-Hoc|x86.Deploy.0 = Ad-Hoc|iPhone
		{E5BB98EC-0B8D-457E-9B00-29F655B9E5BC}.AppStore|Any CPU.ActiveCfg = AppStore|iPhone
		{E5BB98EC-0B8D-457E-9B00-29F655B9E5BC}.AppStore|Any CPU.Build.0 = AppStore|iPhone
		{E5BB98EC-0B8D-457E-9B00-29F655B9E5BC}.AppStore|Any CPU.Deploy.0 = AppStore|iPhone
		{E5BB98EC-0B8D-457E-9B00-29F655B9E5BC}.AppStore|ARM.ActiveCfg = AppStore|iPhone
		{E5BB98EC-0B8D-457E-9B00-29F655B9E5BC}.AppStore|ARM.Build.0 = AppStore|iPhone
		{E5BB98EC-0B8D-457E-9B00-29F655B9E5BC}.AppStore|ARM.Deploy.0 = AppStore|iPhone
		{E5BB98EC-0B8D-457E-9B00-29F655B9E5BC}.AppStore|iPhone.ActiveCfg = AppStore|iPhone
		{E5BB98EC-0B8D-457E-9B00-29F655B9E5BC}.AppStore|iPhone.Build.0 = AppStore|iPhone
		{E5BB98EC-0B8D-457E-9B00-29F655B9E5BC}.AppStore|iPhone.Deploy.0 = AppStore|iPhone
		{E5BB98EC-0B8D-457E-9B00-29F655B9E5BC}.AppStore|iPhoneSimulator.ActiveCfg = AppStore|iPhoneSimulator
		{E5BB98EC-0B8D-457E-9B00-29F655B9E5BC}.AppStore|iPhoneSimulator.Build.0 = AppStore|iPhoneSimulator
		{E5BB98EC-0B8D-457E-9B00-29F655B9E5BC}.AppStore|iPhoneSimulator.Deploy.0 = AppStore|iPhoneSimulator
		{E5BB98EC-0B8D-457E-9B00-29F655B9E5BC}.AppStore|x64.ActiveCfg = AppStore|iPhone
		{E5BB98EC-0B8D-457E-9B00-29F655B9E5BC}.AppStore|x64.Build.0 = AppStore|iPhone
		{E5BB98EC-0B8D-457E-9B00-29F655B9E5BC}.AppStore|x64.Deploy.0 = AppStore|iPhone
		{E5BB98EC-0B8D-457E-9B00-29F655B9E5BC}.AppStore|x86.ActiveCfg = AppStore|iPhone
		{E5BB98EC-0B8D-457E-9B00-29F655B9E5BC}.AppStore|x86.Build.0 = AppStore|iPhone
		{E5BB98EC-0B8D-457E-9B00-29F655B9E5BC}.AppStore|x86.Deploy.0 = AppStore|iPhone
		{E5BB98EC-0B8D-457E-9B00-29F655B9E5BC}.Debug|Any CPU.ActiveCfg = Debug|iPhoneSimulator
		{E5BB98EC-0B8D-457E-9B00-29F655B9E5BC}.Debug|Any CPU.Build.0 = Debug|iPhoneSimulator
		{E5BB98EC-0B8D-457E-9B00-29F655B9E5BC}.Debug|Any CPU.Deploy.0 = Debug|iPhoneSimulator
		{E5BB98EC-0B8D-457E-9B00-29F655B9E5BC}.Debug|ARM.ActiveCfg = Debug|iPhone
		{E5BB98EC-0B8D-457E-9B00-29F655B9E5BC}.Debug|ARM.Build.0 = Debug|iPhone
		{E5BB98EC-0B8D-457E-9B00-29F655B9E5BC}.Debug|ARM.Deploy.0 = Debug|iPhone
		{E5BB98EC-0B8D-457E-9B00-29F655B9E5BC}.Debug|iPhone.ActiveCfg = Debug|iPhone
		{E5BB98EC-0B8D-457E-9B00-29F655B9E5BC}.Debug|iPhone.Build.0 = Debug|iPhone
		{E5BB98EC-0B8D-457E-9B00-29F655B9E5BC}.Debug|iPhone.Deploy.0 = Debug|iPhone
		{E5BB98EC-0B8D-457E-9B00-29F655B9E5BC}.Debug|iPhoneSimulator.ActiveCfg = Debug|iPhoneSimulator
		{E5BB98EC-0B8D-457E-9B00-29F655B9E5BC}.Debug|iPhoneSimulator.Build.0 = Debug|iPhoneSimulator
		{E5BB98EC-0B8D-457E-9B00-29F655B9E5BC}.Debug|iPhoneSimulator.Deploy.0 = Debug|iPhoneSimulator
		{E5BB98EC-0B8D-457E-9B00-29F655B9E5BC}.Debug|x64.ActiveCfg = Debug|iPhone
		{E5BB98EC-0B8D-457E-9B00-29F655B9E5BC}.Debug|x64.Build.0 = Debug|iPhone
		{E5BB98EC-0B8D-457E-9B00-29F655B9E5BC}.Debug|x64.Deploy.0 = Debug|iPhone
		{E5BB98EC-0B8D-457E-9B00-29F655B9E5BC}.Debug|x86.ActiveCfg = Debug|iPhone
		{E5BB98EC-0B8D-457E-9B00-29F655B9E5BC}.Debug|x86.Build.0 = Debug|iPhone
		{E5BB98EC-0B8D-457E-9B00-29F655B9E5BC}.Debug|x86.Deploy.0 = Debug|iPhone
		{E5BB98EC-0B8D-457E-9B00-29F655B9E5BC}.Release|Any CPU.ActiveCfg = Release|iPhone
		{E5BB98EC-0B8D-457E-9B00-29F655B9E5BC}.Release|Any CPU.Build.0 = Release|iPhone
		{E5BB98EC-0B8D-457E-9B00-29F655B9E5BC}.Release|Any CPU.Deploy.0 = Release|iPhone
		{E5BB98EC-0B8D-457E-9B00-29F655B9E5BC}.Release|ARM.ActiveCfg = Release|iPhone
		{E5BB98EC-0B8D-457E-9B00-29F655B9E5BC}.Release|ARM.Build.0 = Release|iPhone
		{E5BB98EC-0B8D-457E-9B00-29F655B9E5BC}.Release|ARM.Deploy.0 = Release|iPhone
		{E5BB98EC-0B8D-457E-9B00-29F655B9E5BC}.Release|iPhone.ActiveCfg = Release|iPhone
		{E5BB98EC-0B8D-457E-9B00-29F655B9E5BC}.Release|iPhone.Build.0 = Release|iPhone
		{E5BB98EC-0B8D-457E-9B00-29F655B9E5BC}.Release|iPhone.Deploy.0 = Release|iPhone
		{E5BB98EC-0B8D-457E-9B00-29F655B9E5BC}.Release|iPhoneSimulator.ActiveCfg = Release|iPhoneSimulator
		{E5BB98EC-0B8D-457E-9B00-29F655B9E5BC}.Release|iPhoneSimulator.Build.0 = Release|iPhoneSimulator
		{E5BB98EC-0B8D-457E-9B00-29F655B9E5BC}.Release|iPhoneSimulator.Deploy.0 = Release|iPhoneSimulator
		{E5BB98EC-0B8D-457E-9B00-29F655B9E5BC}.Release|x64.ActiveCfg = Release|iPhone
		{E5BB98EC-0B8D-457E-9B00-29F655B9E5BC}.Release|x64.Build.0 = Release|iPhone
		{E5BB98EC-0B8D-457E-9B00-29F655B9E5BC}.Release|x64.Deploy.0 = Release|iPhone
		{E5BB98EC-0B8D-457E-9B00-29F655B9E5BC}.Release|x86.ActiveCfg = Release|iPhone
		{E5BB98EC-0B8D-457E-9B00-29F655B9E5BC}.Release|x86.Build.0 = Release|iPhone
		{E5BB98EC-0B8D-457E-9B00-29F655B9E5BC}.Release|x86.Deploy.0 = Release|iPhone
		{0B055488-0012-44D8-8FC4-C2F843C88669}.Ad-Hoc|Any CPU.ActiveCfg = Release|x86
		{0B055488-0012-44D8-8FC4-C2F843C88669}.Ad-Hoc|Any CPU.Build.0 = Release|x86
		{0B055488-0012-44D8-8FC4-C2F843C88669}.Ad-Hoc|Any CPU.Deploy.0 = Release|x86
		{0B055488-0012-44D8-8FC4-C2F843C88669}.Ad-Hoc|ARM.ActiveCfg = Release|ARM
		{0B055488-0012-44D8-8FC4-C2F843C88669}.Ad-Hoc|ARM.Build.0 = Release|ARM
		{0B055488-0012-44D8-8FC4-C2F843C88669}.Ad-Hoc|ARM.Deploy.0 = Release|ARM
		{0B055488-0012-44D8-8FC4-C2F843C88669}.Ad-Hoc|iPhone.ActiveCfg = Release|x86
		{0B055488-0012-44D8-8FC4-C2F843C88669}.Ad-Hoc|iPhone.Build.0 = Release|x86
		{0B055488-0012-44D8-8FC4-C2F843C88669}.Ad-Hoc|iPhone.Deploy.0 = Release|x86
		{0B055488-0012-44D8-8FC4-C2F843C88669}.Ad-Hoc|iPhoneSimulator.ActiveCfg = Release|x86
		{0B055488-0012-44D8-8FC4-C2F843C88669}.Ad-Hoc|iPhoneSimulator.Build.0 = Release|x86
		{0B055488-0012-44D8-8FC4-C2F843C88669}.Ad-Hoc|iPhoneSimulator.Deploy.0 = Release|x86
		{0B055488-0012-44D8-8FC4-C2F843C88669}.Ad-Hoc|x64.ActiveCfg = Release|x64
		{0B055488-0012-44D8-8FC4-C2F843C88669}.Ad-Hoc|x64.Build.0 = Release|x64
		{0B055488-0012-44D8-8FC4-C2F843C88669}.Ad-Hoc|x64.Deploy.0 = Release|x64
		{0B055488-0012-44D8-8FC4-C2F843C88669}.Ad-Hoc|x86.ActiveCfg = Release|x86
		{0B055488-0012-44D8-8FC4-C2F843C88669}.Ad-Hoc|x86.Build.0 = Release|x86
		{0B055488-0012-44D8-8FC4-C2F843C88669}.Ad-Hoc|x86.Deploy.0 = Release|x86
		{0B055488-0012-44D8-8FC4-C2F843C88669}.AppStore|Any CPU.ActiveCfg = Release|x86
		{0B055488-0012-44D8-8FC4-C2F843C88669}.AppStore|Any CPU.Build.0 = Release|x86
		{0B055488-0012-44D8-8FC4-C2F843C88669}.AppStore|Any CPU.Deploy.0 = Release|x86
		{0B055488-0012-44D8-8FC4-C2F843C88669}.AppStore|ARM.ActiveCfg = Release|ARM
		{0B055488-0012-44D8-8FC4-C2F843C88669}.AppStore|ARM.Build.0 = Release|ARM
		{0B055488-0012-44D8-8FC4-C2F843C88669}.AppStore|ARM.Deploy.0 = Release|ARM
		{0B055488-0012-44D8-8FC4-C2F843C88669}.AppStore|iPhone.ActiveCfg = Release|x86
		{0B055488-0012-44D8-8FC4-C2F843C88669}.AppStore|iPhone.Build.0 = Release|x86
		{0B055488-0012-44D8-8FC4-C2F843C88669}.AppStore|iPhone.Deploy.0 = Release|x86
		{0B055488-0012-44D8-8FC4-C2F843C88669}.AppStore|iPhoneSimulator.ActiveCfg = Release|x86
		{0B055488-0012-44D8-8FC4-C2F843C88669}.AppStore|iPhoneSimulator.Build.0 = Release|x86
		{0B055488-0012-44D8-8FC4-C2F843C88669}.AppStore|iPhoneSimulator.Deploy.0 = Release|x86
		{0B055488-0012-44D8-8FC4-C2F843C88669}.AppStore|x64.ActiveCfg = Release|x64
		{0B055488-0012-44D8-8FC4-C2F843C88669}.AppStore|x64.Build.0 = Release|x64
		{0B055488-0012-44D8-8FC4-C2F843C88669}.AppStore|x64.Deploy.0 = Release|x64
		{0B055488-0012-44D8-8FC4-C2F843C88669}.AppStore|x86.ActiveCfg = Release|x86
		{0B055488-0012-44D8-8FC4-C2F843C88669}.AppStore|x86.Build.0 = Release|x86
		{0B055488-0012-44D8-8FC4-C2F843C88669}.AppStore|x86.Deploy.0 = Release|x86
		{0B055488-0012-44D8-8FC4-C2F843C88669}.Debug|Any CPU.ActiveCfg = Debug|x86
		{0B055488-0012-44D8-8FC4-C2F843C88669}.Debug|Any CPU.Build.0 = Debug|x86
		{0B055488-0012-44D8-8FC4-C2F843C88669}.Debug|Any CPU.Deploy.0 = Debug|x86
		{0B055488-0012-44D8-8FC4-C2F843C88669}.Debug|ARM.ActiveCfg = Debug|ARM
		{0B055488-0012-44D8-8FC4-C2F843C88669}.Debug|ARM.Build.0 = Debug|ARM
		{0B055488-0012-44D8-8FC4-C2F843C88669}.Debug|ARM.Deploy.0 = Debug|ARM
		{0B055488-0012-44D8-8FC4-C2F843C88669}.Debug|iPhone.ActiveCfg = Debug|x86
		{0B055488-0012-44D8-8FC4-C2F843C88669}.Debug|iPhone.Build.0 = Debug|x86
		{0B055488-0012-44D8-8FC4-C2F843C88669}.Debug|iPhone.Deploy.0 = Debug|x86
		{0B055488-0012-44D8-8FC4-C2F843C88669}.Debug|iPhoneSimulator.ActiveCfg = Debug|x86
		{0B055488-0012-44D8-8FC4-C2F843C88669}.Debug|iPhoneSimulator.Build.0 = Debug|x86
		{0B055488-0012-44D8-8FC4-C2F843C88669}.Debug|iPhoneSimulator.Deploy.0 = Debug|x86
		{0B055488-0012-44D8-8FC4-C2F843C88669}.Debug|x64.ActiveCfg = Debug|x64
		{0B055488-0012-44D8-8FC4-C2F843C88669}.Debug|x64.Build.0 = Debug|x64
		{0B055488-0012-44D8-8FC4-C2F843C88669}.Debug|x64.Deploy.0 = Debug|x64
		{0B055488-0012-44D8-8FC4-C2F843C88669}.Debug|x86.ActiveCfg = Debug|x86
		{0B055488-0012-44D8-8FC4-C2F843C88669}.Debug|x86.Build.0 = Debug|x86
		{0B055488-0012-44D8-8FC4-C2F843C88669}.Debug|x86.Deploy.0 = Debug|x86
		{0B055488-0012-44D8-8FC4-C2F843C88669}.Release|Any CPU.ActiveCfg = Release|x86
		{0B055488-0012-44D8-8FC4-C2F843C88669}.Release|Any CPU.Build.0 = Release|x86
		{0B055488-0012-44D8-8FC4-C2F843C88669}.Release|Any CPU.Deploy.0 = Release|x86
		{0B055488-0012-44D8-8FC4-C2F843C88669}.Release|ARM.ActiveCfg = Release|ARM
		{0B055488-0012-44D8-8FC4-C2F843C88669}.Release|ARM.Build.0 = Release|ARM
		{0B055488-0012-44D8-8FC4-C2F843C88669}.Release|ARM.Deploy.0 = Release|ARM
		{0B055488-0012-44D8-8FC4-C2F843C88669}.Release|iPhone.ActiveCfg = Release|x86
		{0B055488-0012-44D8-8FC4-C2F843C88669}.Release|iPhone.Build.0 = Release|x86
		{0B055488-0012-44D8-8FC4-C2F843C88669}.Release|iPhone.Deploy.0 = Release|x86
		{0B055488-0012-44D8-8FC4-C2F843C88669}.Release|iPhoneSimulator.ActiveCfg = Release|x86
		{0B055488-0012-44D8-8FC4-C2F843C88669}.Release|iPhoneSimulator.Build.0 = Release|x86
		{0B055488-0012-44D8-8FC4-C2F843C88669}.Release|iPhoneSimulator.Deploy.0 = Release|x86
		{0B055488-0012-44D8-8FC4-C2F843C88669}.Release|x64.ActiveCfg = Release|x64
		{0B055488-0012-44D8-8FC4-C2F843C88669}.Release|x64.Build.0 = Release|x64
		{0B055488-0012-44D8-8FC4-C2F843C88669}.Release|x64.Deploy.0 = Release|x64
		{0B055488-0012-44D8-8FC4-C2F843C88669}.Release|x86.ActiveCfg = Release|x86
		{0B055488-0012-44D8-8FC4-C2F843C88669}.Release|x86.Build.0 = Release|x86
		{0B055488-0012-44D8-8FC4-C2F843C88669}.Release|x86.Deploy.0 = Release|x86
		{1111E0DA-01F1-4B71-A90F-F23B284F4151}.Ad-Hoc|Any CPU.ActiveCfg = Debug|Any CPU
		{1111E0DA-01F1-4B71-A90F-F23B284F4151}.Ad-Hoc|Any CPU.Build.0 = Debug|Any CPU
		{1111E0DA-01F1-4B71-A90F-F23B284F4151}.Ad-Hoc|Any CPU.Deploy.0 = Debug|Any CPU
		{1111E0DA-01F1-4B71-A90F-F23B284F4151}.Ad-Hoc|ARM.ActiveCfg = Debug|Any CPU
		{1111E0DA-01F1-4B71-A90F-F23B284F4151}.Ad-Hoc|ARM.Build.0 = Debug|Any CPU
		{1111E0DA-01F1-4B71-A90F-F23B284F4151}.Ad-Hoc|ARM.Deploy.0 = Debug|Any CPU
		{1111E0DA-01F1-4B71-A90F-F23B284F4151}.Ad-Hoc|iPhone.ActiveCfg = Debug|Any CPU
		{1111E0DA-01F1-4B71-A90F-F23B284F4151}.Ad-Hoc|iPhone.Build.0 = Debug|Any CPU
		{1111E0DA-01F1-4B71-A90F-F23B284F4151}.Ad-Hoc|iPhone.Deploy.0 = Debug|Any CPU
		{1111E0DA-01F1-4B71-A90F-F23B284F4151}.Ad-Hoc|iPhoneSimulator.ActiveCfg = Debug|Any CPU
		{1111E0DA-01F1-4B71-A90F-F23B284F4151}.Ad-Hoc|iPhoneSimulator.Build.0 = Debug|Any CPU
		{1111E0DA-01F1-4B71-A90F-F23B284F4151}.Ad-Hoc|iPhoneSimulator.Deploy.0 = Debug|Any CPU
		{1111E0DA-01F1-4B71-A90F-F23B284F4151}.Ad-Hoc|x64.ActiveCfg = Debug|Any CPU
		{1111E0DA-01F1-4B71-A90F-F23B284F4151}.Ad-Hoc|x64.Build.0 = Debug|Any CPU
		{1111E0DA-01F1-4B71-A90F-F23B284F4151}.Ad-Hoc|x64.Deploy.0 = Debug|Any CPU
		{1111E0DA-01F1-4B71-A90F-F23B284F4151}.Ad-Hoc|x86.ActiveCfg = Debug|Any CPU
		{1111E0DA-01F1-4B71-A90F-F23B284F4151}.Ad-Hoc|x86.Build.0 = Debug|Any CPU
		{1111E0DA-01F1-4B71-A90F-F23B284F4151}.Ad-Hoc|x86.Deploy.0 = Debug|Any CPU
		{1111E0DA-01F1-4B71-A90F-F23B284F4151}.AppStore|Any CPU.ActiveCfg = Debug|Any CPU
		{1111E0DA-01F1-4B71-A90F-F23B284F4151}.AppStore|Any CPU.Build.0 = Debug|Any CPU
		{1111E0DA-01F1-4B71-A90F-F23B284F4151}.AppStore|Any CPU.Deploy.0 = Debug|Any CPU
		{1111E0DA-01F1-4B71-A90F-F23B284F4151}.AppStore|ARM.ActiveCfg = Debug|Any CPU
		{1111E0DA-01F1-4B71-A90F-F23B284F4151}.AppStore|ARM.Build.0 = Debug|Any CPU
		{1111E0DA-01F1-4B71-A90F-F23B284F4151}.AppStore|ARM.Deploy.0 = Debug|Any CPU
		{1111E0DA-01F1-4B71-A90F-F23B284F4151}.AppStore|iPhone.ActiveCfg = Debug|Any CPU
		{1111E0DA-01F1-4B71-A90F-F23B284F4151}.AppStore|iPhone.Build.0 = Debug|Any CPU
		{1111E0DA-01F1-4B71-A90F-F23B284F4151}.AppStore|iPhone.Deploy.0 = Debug|Any CPU
		{1111E0DA-01F1-4B71-A90F-F23B284F4151}.AppStore|iPhoneSimulator.ActiveCfg = Debug|Any CPU
		{1111E0DA-01F1-4B71-A90F-F23B284F4151}.AppStore|iPhoneSimulator.Build.0 = Debug|Any CPU
		{1111E0DA-01F1-4B71-A90F-F23B284F4151}.AppStore|iPhoneSimulator.Deploy.0 = Debug|Any CPU
		{1111E0DA-01F1-4B71-A90F-F23B284F4151}.AppStore|x64.ActiveCfg = Debug|Any CPU
		{1111E0DA-01F1-4B71-A90F-F23B284F4151}.AppStore|x64.Build.0 = Debug|Any CPU
		{1111E0DA-01F1-4B71-A90F-F23B284F4151}.AppStore|x64.Deploy.0 = Debug|Any CPU
		{1111E0DA-01F1-4B71-A90F-F23B284F4151}.AppStore|x86.ActiveCfg = Debug|Any CPU
		{1111E0DA-01F1-4B71-A90F-F23B284F4151}.AppStore|x86.Build.0 = Debug|Any CPU
		{1111E0DA-01F1-4B71-A90F-F23B284F4151}.AppStore|x86.Deploy.0 = Debug|Any CPU
		{1111E0DA-01F1-4B71-A90F-F23B284F4151}.Debug|Any CPU.ActiveCfg = Debug|Any CPU
		{1111E0DA-01F1-4B71-A90F-F23B284F4151}.Debug|Any CPU.Build.0 = Debug|Any CPU
		{1111E0DA-01F1-4B71-A90F-F23B284F4151}.Debug|Any CPU.Deploy.0 = Debug|Any CPU
		{1111E0DA-01F1-4B71-A90F-F23B284F4151}.Debug|ARM.ActiveCfg = Debug|Any CPU
		{1111E0DA-01F1-4B71-A90F-F23B284F4151}.Debug|ARM.Build.0 = Debug|Any CPU
		{1111E0DA-01F1-4B71-A90F-F23B284F4151}.Debug|ARM.Deploy.0 = Debug|Any CPU
		{1111E0DA-01F1-4B71-A90F-F23B284F4151}.Debug|iPhone.ActiveCfg = Debug|Any CPU
		{1111E0DA-01F1-4B71-A90F-F23B284F4151}.Debug|iPhone.Build.0 = Debug|Any CPU
		{1111E0DA-01F1-4B71-A90F-F23B284F4151}.Debug|iPhone.Deploy.0 = Debug|Any CPU
		{1111E0DA-01F1-4B71-A90F-F23B284F4151}.Debug|iPhoneSimulator.ActiveCfg = Debug|Any CPU
		{1111E0DA-01F1-4B71-A90F-F23B284F4151}.Debug|iPhoneSimulator.Build.0 = Debug|Any CPU
		{1111E0DA-01F1-4B71-A90F-F23B284F4151}.Debug|iPhoneSimulator.Deploy.0 = Debug|Any CPU
		{1111E0DA-01F1-4B71-A90F-F23B284F4151}.Debug|x64.ActiveCfg = Debug|Any CPU
		{1111E0DA-01F1-4B71-A90F-F23B284F4151}.Debug|x64.Build.0 = Debug|Any CPU
		{1111E0DA-01F1-4B71-A90F-F23B284F4151}.Debug|x64.Deploy.0 = Debug|Any CPU
		{1111E0DA-01F1-4B71-A90F-F23B284F4151}.Debug|x86.ActiveCfg = Debug|Any CPU
		{1111E0DA-01F1-4B71-A90F-F23B284F4151}.Debug|x86.Build.0 = Debug|Any CPU
		{1111E0DA-01F1-4B71-A90F-F23B284F4151}.Debug|x86.Deploy.0 = Debug|Any CPU
		{1111E0DA-01F1-4B71-A90F-F23B284F4151}.Release|Any CPU.ActiveCfg = Release|Any CPU
		{1111E0DA-01F1-4B71-A90F-F23B284F4151}.Release|Any CPU.Build.0 = Release|Any CPU
		{1111E0DA-01F1-4B71-A90F-F23B284F4151}.Release|Any CPU.Deploy.0 = Release|Any CPU
		{1111E0DA-01F1-4B71-A90F-F23B284F4151}.Release|ARM.ActiveCfg = Release|Any CPU
		{1111E0DA-01F1-4B71-A90F-F23B284F4151}.Release|ARM.Build.0 = Release|Any CPU
		{1111E0DA-01F1-4B71-A90F-F23B284F4151}.Release|ARM.Deploy.0 = Release|Any CPU
		{1111E0DA-01F1-4B71-A90F-F23B284F4151}.Release|iPhone.ActiveCfg = Release|Any CPU
		{1111E0DA-01F1-4B71-A90F-F23B284F4151}.Release|iPhone.Build.0 = Release|Any CPU
		{1111E0DA-01F1-4B71-A90F-F23B284F4151}.Release|iPhone.Deploy.0 = Release|Any CPU
		{1111E0DA-01F1-4B71-A90F-F23B284F4151}.Release|iPhoneSimulator.ActiveCfg = Release|Any CPU
		{1111E0DA-01F1-4B71-A90F-F23B284F4151}.Release|iPhoneSimulator.Build.0 = Release|Any CPU
		{1111E0DA-01F1-4B71-A90F-F23B284F4151}.Release|iPhoneSimulator.Deploy.0 = Release|Any CPU
		{1111E0DA-01F1-4B71-A90F-F23B284F4151}.Release|x64.ActiveCfg = Release|Any CPU
		{1111E0DA-01F1-4B71-A90F-F23B284F4151}.Release|x64.Build.0 = Release|Any CPU
		{1111E0DA-01F1-4B71-A90F-F23B284F4151}.Release|x64.Deploy.0 = Release|Any CPU
		{1111E0DA-01F1-4B71-A90F-F23B284F4151}.Release|x86.ActiveCfg = Release|Any CPU
		{1111E0DA-01F1-4B71-A90F-F23B284F4151}.Release|x86.Build.0 = Release|Any CPU
		{1111E0DA-01F1-4B71-A90F-F23B284F4151}.Release|x86.Deploy.0 = Release|Any CPU
	EndGlobalSection
	GlobalSection(SolutionProperties) = preSolution
		HideSolutionNode = FALSE
	EndGlobalSection
	GlobalSection(ExtensibilityGlobals) = postSolution
		SolutionGuid = {C24D88F5-64D7-43B3-8672-9522D8B20269}
	EndGlobalSection
EndGlobal
